<?xml version="1.0" encoding="utf-8"?>
<Project ToolsVersion="4.0" xmlns="http://schemas.microsoft.com/developer/msbuild/2003">
  <ItemGroup>
    <Filter Include="Source Files">
      <UniqueIdentifier>{4FC737F1-C7A5-4376-A066-2A32D752A2FF}</UniqueIdentifier>
      <Extensions>cpp;c;cc;cxx;c++;cppm;ixx;def;odl;idl;hpj;bat;asm;asmx</Extensions>
    </Filter>
    <Filter Include="Header Files">
      <UniqueIdentifier>{93995380-89BD-4b04-88EB-625FBE52EBFB}</UniqueIdentifier>
      <Extensions>h;hh;hpp;hxx;h++;hm;inl;inc;ipp;xsd</Extensions>
    </Filter>
    <Filter Include="Resource Files">
      <UniqueIdentifier>{67DA6AB6-F800-4c08-8B7A-83BB121AAD01}</UniqueIdentifier>
      <Extensions>rc;ico;cur;bmp;dlg;rc2;rct;bin;rgs;gif;jpg;jpeg;jpe;resx;tiff;tif;png;wav;mfcribbon-ms</Extensions>
    </Filter>
    <Filter Include="Header Files\DX">
      <UniqueIdentifier>{718e0809-0441-4c86-b659-8c0f59d8f6ef}</UniqueIdentifier>
    </Filter>
    <Filter Include="Source Files\DX">
      <UniqueIdentifier>{7bcec167-2a15-4c0e-b998-b73d81078734}</UniqueIdentifier>
    </Filter>
    <Filter Include="Header Files\VK">
      <UniqueIdentifier>{01d55248-4acd-4d5a-8bd7-fec09544d9e1}</UniqueIdentifier>
    </Filter>
    <Filter Include="Source Files\VK">
      <UniqueIdentifier>{22d27627-f780-4440-bef0-46dd32251369}</UniqueIdentifier>
    </Filter>
    <Filter Include="Header Files\RHI">
      <UniqueIdentifier>{4deb495f-97c7-4f4d-b806-8824123c5530}</UniqueIdentifier>
    </Filter>
    <Filter Include="Source Files\RHI">
      <UniqueIdentifier>{0d2db4c0-b51b-4f39-a281-08799b1ecc4c}</UniqueIdentifier>
    </Filter>
    <Filter Include="Shaders">
      <UniqueIdentifier>{949d0208-04a6-4fae-a068-0abecb249cbe}</UniqueIdentifier>
    </Filter>
    <Filter Include="Header Files\DX\Memory">
      <UniqueIdentifier>{d55102a0-20d9-4835-a2cd-6b487daf815d}</UniqueIdentifier>
    </Filter>
    <Filter Include="Header Files\RHI\Memory">
      <UniqueIdentifier>{dbae9433-08c6-4834-ba17-0fdb3b8227a6}</UniqueIdentifier>
    </Filter>
    <Filter Include="Source Files\DX\Memory">
      <UniqueIdentifier>{142a180b-35a8-4463-b79a-b88852d8d80a}</UniqueIdentifier>
    </Filter>
    <Filter Include="Source Files\RHI\Memory">
      <UniqueIdentifier>{141876c1-b138-40d4-8f3b-a03b7a2a2055}</UniqueIdentifier>
    </Filter>
    <Filter Include="Header Files\RHI\Allocator">
      <UniqueIdentifier>{4e0872fe-de8e-40a1-9668-b02bfbb4690b}</UniqueIdentifier>
    </Filter>
    <Filter Include="Source Files\RHI\Allocator">
      <UniqueIdentifier>{2aff9e2b-1e0c-49fb-99a2-ada7d2245999}</UniqueIdentifier>
    </Filter>
    <Filter Include="Header Files\Scene">
      <UniqueIdentifier>{0b1ae6b1-56de-4726-8c10-85fa14c73525}</UniqueIdentifier>
    </Filter>
    <Filter Include="Source Files\Scene">
      <UniqueIdentifier>{76b534dc-a82b-438c-acfb-1d02e253a041}</UniqueIdentifier>
    </Filter>
  </ItemGroup>
  <ItemGroup>
    <ClCompile Include="src\Main.cpp">
      <Filter>Source Files</Filter>
    </ClCompile>
    <ClCompile Include="src\DX_Interface\DX_Device.cpp">
      <Filter>Source Files\DX</Filter>
    </ClCompile>
    <ClCompile Include="src\VK_Interface\VK_Device.cpp">
      <Filter>Source Files\VK</Filter>
    </ClCompile>
    <ClCompile Include="src\Window.cpp">
      <Filter>Source Files</Filter>
    </ClCompile>
    <ClCompile Include="src\App.cpp">
      <Filter>Source Files</Filter>
    </ClCompile>
    <ClCompile Include="src\DX_Interface\DX_Exception.cpp">
      <Filter>Source Files\DX</Filter>
    </ClCompile>
    <ClCompile Include="src\CGE_Exception.cpp">
      <Filter>Source Files</Filter>
    </ClCompile>
    <ClCompile Include="src\RHI\Device.cpp">
      <Filter>Source Files\RHI</Filter>
    </ClCompile>
    <ClCompile Include="src\RHI\PhysicalDevice.cpp">
      <Filter>Source Files\RHI</Filter>
    </ClCompile>
    <ClCompile Include="src\DX_Interface\DX_PhysicalDevice.cpp">
      <Filter>Source Files\DX</Filter>
    </ClCompile>
    <ClCompile Include="src\RHI\Graphics.cpp">
      <Filter>Source Files\RHI</Filter>
    </ClCompile>
    <ClCompile Include="src\DX_Interface\DX_Graphics.cpp">
      <Filter>Source Files\DX</Filter>
    </ClCompile>
    <ClCompile Include="src\DX_Interface\DX_Factory.cpp">
      <Filter>Source Files\DX</Filter>
    </ClCompile>
    <ClCompile Include="src\RHI\Object.cpp">
      <Filter>Source Files\RHI</Filter>
    </ClCompile>
    <ClCompile Include="src\RHI\DeviceObject.cpp">
      <Filter>Source Files\RHI</Filter>
    </ClCompile>
    <ClCompile Include="src\DX_Interface\DX_CommandQueue.cpp">
      <Filter>Source Files\DX</Filter>
    </ClCompile>
    <ClCompile Include="src\DX_Interface\DX_Conversions.cpp">
      <Filter>Source Files\DX</Filter>
    </ClCompile>
    <ClCompile Include="src\RHI\CommandQueue.cpp">
      <Filter>Source Files\RHI</Filter>
    </ClCompile>
    <ClCompile Include="src\DX_Interface\DX_CommonHeaders.cpp">
      <Filter>Source Files\DX</Filter>
    </ClCompile>
    <ClCompile Include="src\RHI\CommandList.cpp">
      <Filter>Source Files\RHI</Filter>
    </ClCompile>
    <ClCompile Include="src\DX_Interface\DX_CommandListBase.cpp">
      <Filter>Source Files\DX</Filter>
    </ClCompile>
    <ClCompile Include="src\DX_Interface\DX_CommandList.cpp">
      <Filter>Source Files\DX</Filter>
    </ClCompile>
    <ClCompile Include="src\RHI\Fence.cpp">
      <Filter>Source Files\RHI</Filter>
    </ClCompile>
    <ClCompile Include="src\DX_Interface\DX_Fence.cpp">
      <Filter>Source Files\DX</Filter>
    </ClCompile>
    <ClCompile Include="src\DX_Interface\DX_CommandListPool.cpp">
      <Filter>Source Files\DX</Filter>
    </ClCompile>
    <ClCompile Include="src\DX_Interface\DX_Descriptor.cpp">
      <Filter>Source Files\DX</Filter>
    </ClCompile>
    <ClCompile Include="src\DX_Interface\DX_DescriptorPool.cpp">
      <Filter>Source Files\DX</Filter>
    </ClCompile>
    <ClCompile Include="src\DX_Interface\DX_CommandQueueContext.cpp">
      <Filter>Source Files\DX</Filter>
    </ClCompile>
    <ClCompile Include="src\RHI\SwapChain.cpp">
      <Filter>Source Files\RHI</Filter>
    </ClCompile>
    <ClCompile Include="src\DX_Interface\DX_SwapChain.cpp">
      <Filter>Source Files\DX</Filter>
    </ClCompile>
    <ClCompile Include="src\DX_Interface\DX_DescriptorContext.cpp">
      <Filter>Source Files\DX</Filter>
    </ClCompile>
    <ClCompile Include="src\DX_Interface\DX_FrameGraphExecuter.cpp">
      <Filter>Source Files\DX</Filter>
    </ClCompile>
    <ClCompile Include="src\RHI\FrameGraphExecuter.cpp">
      <Filter>Source Files\RHI</Filter>
    </ClCompile>
    <ClCompile Include="src\RHI\ClearValue.cpp">
      <Filter>Source Files\RHI</Filter>
    </ClCompile>
    <ClCompile Include="src\RHI\TypeHash.cpp">
      <Filter>Source Files\RHI</Filter>
    </ClCompile>
    <ClCompile Include="src\DX_Interface\DX_BufferMemoryAllocator.cpp">
      <Filter>Source Files\DX\Memory</Filter>
    </ClCompile>
    <ClCompile Include="src\DX_Interface\DX_BufferMemoryView.cpp">
      <Filter>Source Files\DX\Memory</Filter>
    </ClCompile>
    <ClCompile Include="src\DX_Interface\DX_MemoryPageAllocator.cpp">
      <Filter>Source Files\DX\Memory</Filter>
    </ClCompile>
    <ClCompile Include="src\DX_Interface\DX_MemoryView.cpp">
      <Filter>Source Files\DX\Memory</Filter>
    </ClCompile>
    <ClCompile Include="src\RHI\Allocator.cpp">
      <Filter>Source Files\RHI\Allocator</Filter>
    </ClCompile>
    <ClCompile Include="src\RHI\FreeListAllocator.cpp">
      <Filter>Source Files\RHI\Allocator</Filter>
    </ClCompile>
    <ClCompile Include="src\RHI\MemoryUsage.cpp">
      <Filter>Source Files\RHI\Memory</Filter>
    </ClCompile>
    <ClCompile Include="src\RHI\PoolAllocator.cpp">
      <Filter>Source Files\RHI\Allocator</Filter>
    </ClCompile>
    <ClCompile Include="src\RHI\Resource.cpp">
      <Filter>Source Files\RHI\Memory</Filter>
    </ClCompile>
    <ClCompile Include="src\RHI\ResourcePool.cpp">
      <Filter>Source Files\RHI\Memory</Filter>
    </ClCompile>
    <ClCompile Include="src\RHI\ResourceView.cpp">
      <Filter>Source Files\RHI\Memory</Filter>
    </ClCompile>
    <ClCompile Include="src\RHI\BufferView.cpp">
      <Filter>Source Files\RHI\Memory</Filter>
    </ClCompile>
    <ClCompile Include="src\RHI\BufferViewDescriptor.cpp">
      <Filter>Source Files\RHI\Memory</Filter>
    </ClCompile>
    <ClCompile Include="src\RHI\Format.cpp">
      <Filter>Source Files\RHI</Filter>
    </ClCompile>
    <ClCompile Include="src\RHI\Buffer.cpp">
      <Filter>Source Files\RHI\Memory</Filter>
    </ClCompile>
    <ClCompile Include="src\RHI\BufferDescriptor.cpp">
      <Filter>Source Files\RHI\Memory</Filter>
    </ClCompile>
    <ClCompile Include="src\RHI\BufferPool.cpp">
      <Filter>Source Files\RHI\Memory</Filter>
    </ClCompile>
    <ClCompile Include="src\DX_Interface\DX_BufferView.cpp">
      <Filter>Source Files\DX\Memory</Filter>
    </ClCompile>
    <ClCompile Include="src\DX_Interface\DX_Buffer.cpp">
      <Filter>Source Files\DX\Memory</Filter>
    </ClCompile>
    <ClCompile Include="src\DX_Interface\DX_BufferPool.cpp">
      <Filter>Source Files\DX\Memory</Filter>
    </ClCompile>
    <ClCompile Include="src\RHI\PlatformLimitsDescriptor.cpp">
      <Filter>Source Files\RHI</Filter>
    </ClCompile>
    <ClCompile Include="src\DX_Interface\DX_PlatformLimitsDescriptor.cpp">
      <Filter>Source Files\DX</Filter>
    </ClCompile>
    <ClCompile Include="src\DX_Interface\DX_BufferPoolDescriptor.cpp">
      <Filter>Source Files\DX\Memory</Filter>
    </ClCompile>
    <ClCompile Include="src\DX_Interface\DX_BufferPoolResolver.cpp">
      <Filter>Source Files\DX\Memory</Filter>
    </ClCompile>
    <ClCompile Include="src\DX_Interface\DX_StagingMemoryAllocator.cpp">
      <Filter>Source Files\DX\Memory</Filter>
    </ClCompile>
    <ClCompile Include="src\RHI\LinearAllocator.cpp">
      <Filter>Source Files\RHI\Allocator</Filter>
    </ClCompile>
    <ClCompile Include="src\RHI\BufferSystem.cpp">
      <Filter>Source Files\RHI\Memory</Filter>
    </ClCompile>
    <ClCompile Include="src\RHI\StreamBufferView.cpp">
      <Filter>Source Files\RHI</Filter>
    </ClCompile>
    <ClCompile Include="src\RHI\IndexBufferView.cpp">
      <Filter>Source Files\RHI</Filter>
    </ClCompile>
    <ClCompile Include="src\RHI\PipelineState.cpp">
      <Filter>Source Files\RHI</Filter>
    </ClCompile>
    <ClCompile Include="src\RHI\PipelineStateDescriptor.cpp">
      <Filter>Source Files\RHI</Filter>
    </ClCompile>
    <ClCompile Include="src\RHI\ShaderStageFunction.cpp">
      <Filter>Source Files\RHI</Filter>
    </ClCompile>
    <ClCompile Include="src\DX_Interface\DX_ShaderStageFunction.cpp">
      <Filter>Source Files\DX</Filter>
    </ClCompile>
    <ClCompile Include="src\DX_Interface\DX_PipelineState.cpp">
      <Filter>Source Files\DX</Filter>
    </ClCompile>
    <ClCompile Include="src\RHI\PipelineLayout.cpp">
      <Filter>Source Files\RHI</Filter>
    </ClCompile>
    <ClCompile Include="src\DX_Interface\DX_PipelineLayout.cpp">
      <Filter>Source Files\DX</Filter>
    </ClCompile>
    <ClCompile Include="src\RHI\InputStreamLayout.cpp">
      <Filter>Source Files\RHI</Filter>
    </ClCompile>
    <ClCompile Include="src\RHI\RenderStates.cpp">
      <Filter>Source Files\RHI</Filter>
    </ClCompile>
    <ClCompile Include="src\RHI\ImageView.cpp">
      <Filter>Source Files\RHI\Memory</Filter>
    </ClCompile>
    <ClCompile Include="src\RHI\ImageViewDescriptor.cpp">
      <Filter>Source Files\RHI\Memory</Filter>
    </ClCompile>
    <ClCompile Include="src\RHI\ImageDescriptor.cpp">
      <Filter>Source Files\RHI\Memory</Filter>
    </ClCompile>
    <ClCompile Include="src\RHI\MultisampleState.cpp">
      <Filter>Source Files\RHI</Filter>
    </ClCompile>
    <ClCompile Include="src\RHI\Image.cpp">
      <Filter>Source Files\RHI\Memory</Filter>
    </ClCompile>
    <ClCompile Include="src\RHI\ImagePool.cpp">
      <Filter>Source Files\RHI\Memory</Filter>
    </ClCompile>
    <ClCompile Include="src\RHI\ImageSubresource.cpp">
      <Filter>Source Files\RHI\Memory</Filter>
    </ClCompile>
    <ClCompile Include="src\DX_Interface\DX_ImageView.cpp">
      <Filter>Source Files\DX\Memory</Filter>
    </ClCompile>
    <ClCompile Include="src\DX_Interface\DX_Image.cpp">
      <Filter>Source Files\DX\Memory</Filter>
    </ClCompile>
    <ClCompile Include="src\DX_Interface\DX_UploadQueue.cpp">
      <Filter>Source Files\DX\Memory</Filter>
    </ClCompile>
    <ClCompile Include="src\DX_Interface\DX_ImagePool.cpp">
      <Filter>Source Files\DX\Memory</Filter>
    </ClCompile>
    <ClCompile Include="src\DX_Interface\DX_ImagePoolResolver.cpp">
      <Filter>Source Files\DX\Memory</Filter>
    </ClCompile>
    <ClCompile Include="src\Scene\MeshBuilder.cpp">
      <Filter>Source Files\Scene</Filter>
    </ClCompile>
    <ClCompile Include="src\Scene\Scene.cpp">
      <Filter>Source Files\Scene</Filter>
    </ClCompile>
    <ClCompile Include="src\Scene\Mesh.cpp">
      <Filter>Source Files\Scene</Filter>
    </ClCompile>
    <ClCompile Include="src\Scene\ModelNode.cpp">
      <Filter>Source Files\Scene</Filter>
    </ClCompile>
    <ClCompile Include="src\Scene\Model.cpp">
      <Filter>Source Files\Scene</Filter>
    </ClCompile>
    <ClCompile Include="src\Scene\Material.cpp">
      <Filter>Source Files\Scene</Filter>
    </ClCompile>
  </ItemGroup>
  <ItemGroup>
    <ClInclude Include="src\DX_Interface\DX_Device.h">
      <Filter>Header Files\DX</Filter>
    </ClInclude>
    <ClInclude Include="src\DX_Interface\DX_Helper.h">
      <Filter>Header Files\DX</Filter>
    </ClInclude>
    <ClInclude Include="src\VK_Interface\VK_Device.h">
      <Filter>Header Files\VK</Filter>
    </ClInclude>
    <ClInclude Include="src\Window.h">
      <Filter>Header Files</Filter>
    </ClInclude>
    <ClInclude Include="src\App.h">
      <Filter>Header Files</Filter>
    </ClInclude>
    <ClInclude Include="src\DX_Interface\DX_CommonHeaders.h">
      <Filter>Header Files\DX</Filter>
    </ClInclude>
    <ClInclude Include="src\ConsoleLog.h">
      <Filter>Header Files</Filter>
    </ClInclude>
    <ClInclude Include="src\Backend_API_Headers.h">
      <Filter>Header Files</Filter>
    </ClInclude>
    <ClInclude Include="src\CommonMacros.h">
      <Filter>Header Files</Filter>
    </ClInclude>
    <ClInclude Include="src\DX_Interface\DX_Exception.h">
      <Filter>Header Files\DX</Filter>
    </ClInclude>
    <ClInclude Include="src\CGE_Exception.h">
      <Filter>Header Files</Filter>
    </ClInclude>
    <ClInclude Include="src\RHI\Device.h">
      <Filter>Header Files\RHI</Filter>
    </ClInclude>
    <ClInclude Include="src\RHI\DeviceFeatures.h">
      <Filter>Header Files\RHI</Filter>
    </ClInclude>
    <ClInclude Include="src\RHI\DeviceLimits.h">
      <Filter>Header Files\RHI</Filter>
    </ClInclude>
    <ClInclude Include="src\RHI\RHI_Common.h">
      <Filter>Header Files\RHI</Filter>
    </ClInclude>
    <ClInclude Include="src\RHI\PhysicalDevice.h">
      <Filter>Header Files\RHI</Filter>
    </ClInclude>
    <ClInclude Include="src\RHI\PhysicalDeviceDescriptor.h">
      <Filter>Header Files\RHI</Filter>
    </ClInclude>
    <ClInclude Include="src\DX_Interface\DX_PhysicalDevice.h">
      <Filter>Header Files\DX</Filter>
    </ClInclude>
    <ClInclude Include="src\RHI\Graphics.h">
      <Filter>Header Files\RHI</Filter>
    </ClInclude>
    <ClInclude Include="src\DX_Interface\DX_Graphics.h">
      <Filter>Header Files\DX</Filter>
    </ClInclude>
    <ClInclude Include="src\RHI\Factory.h">
      <Filter>Header Files\RHI</Filter>
    </ClInclude>
    <ClInclude Include="src\DX_Interface\DX_Factory.h">
      <Filter>Header Files\DX</Filter>
    </ClInclude>
    <ClInclude Include="src\RHI\Object.h">
      <Filter>Header Files\RHI</Filter>
    </ClInclude>
    <ClInclude Include="src\RHI\intrusive_ptr.h">
      <Filter>Header Files\RHI</Filter>
    </ClInclude>
    <ClInclude Include="src\RHI\CommandQueue.h">
      <Filter>Header Files\RHI</Filter>
    </ClInclude>
    <ClInclude Include="src\RHI\Limits.h">
      <Filter>Header Files\RHI</Filter>
    </ClInclude>
    <ClInclude Include="src\RHI\DeviceObject.h">
      <Filter>Header Files\RHI</Filter>
    </ClInclude>
    <ClInclude Include="src\DX_Interface\DX_CommandQueue.h">
      <Filter>Header Files\DX</Filter>
    </ClInclude>
    <ClInclude Include="src\DX_Interface\DX_Conversions.h">
      <Filter>Header Files\DX</Filter>
    </ClInclude>
    <ClInclude Include="src\RHI\CommandList.h">
      <Filter>Header Files\RHI</Filter>
    </ClInclude>
    <ClInclude Include="src\DX_Interface\DX_CommandListBase.h">
      <Filter>Header Files\DX</Filter>
    </ClInclude>
    <ClInclude Include="src\RHI\ObjectCollector.h">
      <Filter>Header Files\RHI</Filter>
    </ClInclude>
    <ClInclude Include="src\RHI\ObjectPool.h">
      <Filter>Header Files\RHI</Filter>
    </ClInclude>
    <ClInclude Include="src\DX_Interface\DX_CommandList.h">
      <Filter>Header Files\DX</Filter>
    </ClInclude>
    <ClInclude Include="src\RHI\Fence.h">
      <Filter>Header Files\RHI</Filter>
    </ClInclude>
    <ClInclude Include="src\DX_Interface\DX_Fence.h">
      <Filter>Header Files\DX</Filter>
    </ClInclude>
    <ClInclude Include="src\DX_Interface\DX_CommandListPool.h">
      <Filter>Header Files\DX</Filter>
    </ClInclude>
    <ClInclude Include="src\DX_Interface\DX_Descriptor.h">
      <Filter>Header Files\DX</Filter>
    </ClInclude>
    <ClInclude Include="src\DX_Interface\DX_DescriptorPool.h">
      <Filter>Header Files\DX</Filter>
    </ClInclude>
    <ClInclude Include="src\DX_Interface\DX_CommandQueueContext.h">
      <Filter>Header Files\DX</Filter>
    </ClInclude>
    <ClInclude Include="src\RHI\SwapChain.h">
      <Filter>Header Files\RHI</Filter>
    </ClInclude>
    <ClInclude Include="src\DX_Interface\DX_SwapChain.h">
      <Filter>Header Files\DX</Filter>
    </ClInclude>
    <ClInclude Include="src\RHI\SwapChainDescriptor.h">
      <Filter>Header Files\RHI</Filter>
    </ClInclude>
    <ClInclude Include="src\RHI\Format.h">
      <Filter>Header Files\RHI</Filter>
    </ClInclude>
    <ClInclude Include="src\DX_Interface\DX_DescriptorContext.h">
      <Filter>Header Files\DX</Filter>
    </ClInclude>
    <ClInclude Include="src\DX_Interface\DX_FrameGraphExecuter.h">
      <Filter>Header Files\DX</Filter>
    </ClInclude>
    <ClInclude Include="src\RHI\FrameGraphExecuter.h">
      <Filter>Header Files\RHI</Filter>
    </ClInclude>
    <ClInclude Include="src\RHI\ClearValue.h">
      <Filter>Header Files\RHI</Filter>
    </ClInclude>
    <ClInclude Include="src\RHI\AttachmentEnums.h">
      <Filter>Header Files\RHI</Filter>
    </ClInclude>
    <ClInclude Include="src\DX_Interface\DX_ReleaseQueue.h">
      <Filter>Header Files\DX</Filter>
    </ClInclude>
    <ClInclude Include="src\RHI\TypeHash.h">
      <Filter>Header Files\RHI</Filter>
    </ClInclude>
    <ClInclude Include="src\DX_Interface\DX_BufferMemoryAllocator.h">
      <Filter>Header Files\DX\Memory</Filter>
    </ClInclude>
    <ClInclude Include="src\DX_Interface\DX_BufferMemoryView.h">
      <Filter>Header Files\DX\Memory</Filter>
    </ClInclude>
    <ClInclude Include="src\DX_Interface\DX_MemoryView.h">
      <Filter>Header Files\DX\Memory</Filter>
    </ClInclude>
    <ClInclude Include="src\RHI\BufferDescriptor.h">
      <Filter>Header Files\RHI\Memory</Filter>
    </ClInclude>
    <ClInclude Include="src\RHI\MemoryAllocation.h">
      <Filter>Header Files\RHI\Memory</Filter>
    </ClInclude>
    <ClInclude Include="src\RHI\MemoryEnums.h">
      <Filter>Header Files\RHI\Memory</Filter>
    </ClInclude>
    <ClInclude Include="src\RHI\MemorySubAllocator.h">
      <Filter>Header Files\RHI\Memory</Filter>
    </ClInclude>
    <ClInclude Include="src\RHI\MemoryUsage.h">
      <Filter>Header Files\RHI\Memory</Filter>
    </ClInclude>
    <ClInclude Include="src\RHI\Resource.h">
      <Filter>Header Files\RHI\Memory</Filter>
    </ClInclude>
    <ClInclude Include="src\RHI\ResourcePool.h">
      <Filter>Header Files\RHI\Memory</Filter>
    </ClInclude>
    <ClInclude Include="src\RHI\ResourceView.h">
      <Filter>Header Files\RHI\Memory</Filter>
    </ClInclude>
    <ClInclude Include="src\DX_Interface\DX_MemoryPageAllocator.h">
      <Filter>Header Files\DX\Memory</Filter>
    </ClInclude>
    <ClInclude Include="src\DX_Interface\DX_MemorySubAllocator.h">
      <Filter>Header Files\DX\Memory</Filter>
    </ClInclude>
    <ClInclude Include="src\RHI\Allocator.h">
      <Filter>Header Files\RHI\Allocator</Filter>
    </ClInclude>
    <ClInclude Include="src\RHI\FreeListAllocator.h">
      <Filter>Header Files\RHI\Allocator</Filter>
    </ClInclude>
    <ClInclude Include="src\RHI\PoolAllocator.h">
      <Filter>Header Files\RHI\Allocator</Filter>
    </ClInclude>
    <ClInclude Include="src\RHI\Handle.h">
      <Filter>Header Files\RHI\Allocator</Filter>
    </ClInclude>
    <ClInclude Include="src\RHI\ResourcePoolDescriptor.h">
      <Filter>Header Files\RHI\Memory</Filter>
    </ClInclude>
    <ClInclude Include="src\RHI\BufferView.h">
      <Filter>Header Files\RHI\Memory</Filter>
    </ClInclude>
    <ClInclude Include="src\RHI\BufferViewDescriptor.h">
      <Filter>Header Files\RHI\Memory</Filter>
    </ClInclude>
    <ClInclude Include="src\RHI\Buffer.h">
      <Filter>Header Files\RHI\Memory</Filter>
    </ClInclude>
    <ClInclude Include="src\RHI\BufferPool.h">
      <Filter>Header Files\RHI\Memory</Filter>
    </ClInclude>
    <ClInclude Include="src\RHI\BufferPoolDescriptor.h">
      <Filter>Header Files\RHI\Memory</Filter>
    </ClInclude>
    <ClInclude Include="src\DX_Interface\DX_BufferView.h">
      <Filter>Header Files\DX\Memory</Filter>
    </ClInclude>
    <ClInclude Include="src\DX_Interface\DX_Buffer.h">
      <Filter>Header Files\DX\Memory</Filter>
    </ClInclude>
    <ClInclude Include="src\DX_Interface\DX_BufferPool.h">
      <Filter>Header Files\DX\Memory</Filter>
    </ClInclude>
    <ClInclude Include="src\RHI\PlatformLimitsDescriptor.h">
      <Filter>Header Files\RHI</Filter>
    </ClInclude>
    <ClInclude Include="src\DX_Interface\DX_PlatformLimitsDescriptor.h">
      <Filter>Header Files\DX</Filter>
    </ClInclude>
    <ClInclude Include="src\DX_Interface\DX_BufferPoolDescriptor.h">
      <Filter>Header Files\DX\Memory</Filter>
    </ClInclude>
    <ClInclude Include="src\DX_Interface\DX_ResourcePoolResolver.h">
      <Filter>Header Files\DX\Memory</Filter>
    </ClInclude>
    <ClInclude Include="src\DX_Interface\DX_BufferPoolResolver.h">
      <Filter>Header Files\DX\Memory</Filter>
    </ClInclude>
    <ClInclude Include="src\DX_Interface\DX_StagingMemoryAllocator.h">
      <Filter>Header Files\DX\Memory</Filter>
    </ClInclude>
    <ClInclude Include="src\RHI\LinearAllocator.h">
      <Filter>Header Files\RHI\Allocator</Filter>
    </ClInclude>
    <ClInclude Include="src\RHI\MemoryLinearSubAllocator.h">
      <Filter>Header Files\RHI\Memory</Filter>
    </ClInclude>
    <ClInclude Include="src\RHI\intrusive_refcount.h">
      <Filter>Header Files\RHI</Filter>
    </ClInclude>
    <ClInclude Include="src\RHI\intrusive_base.h">
      <Filter>Header Files\RHI</Filter>
    </ClInclude>
    <ClInclude Include="src\RHI\BufferSystem.h">
      <Filter>Header Files\RHI\Memory</Filter>
    </ClInclude>
    <ClInclude Include="src\RHI\DrawItem.h">
      <Filter>Header Files\RHI</Filter>
    </ClInclude>
    <ClInclude Include="src\RHI\StreamBufferView.h">
      <Filter>Header Files\RHI</Filter>
    </ClInclude>
    <ClInclude Include="src\RHI\IndexBufferView.h">
      <Filter>Header Files\RHI</Filter>
    </ClInclude>
    <ClInclude Include="src\RHI\PipelineState.h">
      <Filter>Header Files\RHI</Filter>
    </ClInclude>
    <ClInclude Include="src\RHI\PipelineStateDescriptor.h">
      <Filter>Header Files\RHI</Filter>
    </ClInclude>
    <ClInclude Include="src\RHI\ShaderStageFunction.h">
      <Filter>Header Files\RHI</Filter>
    </ClInclude>
    <ClInclude Include="src\DX_Interface\DX_ShaderStageFunction.h">
      <Filter>Header Files\DX</Filter>
    </ClInclude>
    <ClInclude Include="src\DX_Interface\DX_PipelineState.h">
      <Filter>Header Files\DX</Filter>
    </ClInclude>
    <ClInclude Include="src\RHI\PipelineLayout.h">
      <Filter>Header Files\RHI</Filter>
    </ClInclude>
    <ClInclude Include="src\DX_Interface\DX_PipelineLayout.h">
      <Filter>Header Files\DX</Filter>
    </ClInclude>
    <ClInclude Include="src\RHI\InputStreamLayout.h">
      <Filter>Header Files\RHI</Filter>
    </ClInclude>
    <ClInclude Include="src\RHI\RenderStates.h">
      <Filter>Header Files\RHI</Filter>
    </ClInclude>
    <ClInclude Include="src\RHI\ImageView.h">
      <Filter>Header Files\RHI\Memory</Filter>
    </ClInclude>
    <ClInclude Include="src\RHI\ImageViewDescriptor.h">
      <Filter>Header Files\RHI\Memory</Filter>
    </ClInclude>
    <ClInclude Include="src\RHI\ImageDescriptor.h">
      <Filter>Header Files\RHI\Memory</Filter>
    </ClInclude>
    <ClInclude Include="src\RHI\MultisampleState.h">
      <Filter>Header Files\RHI</Filter>
    </ClInclude>
    <ClInclude Include="src\RHI\Image.h">
      <Filter>Header Files\RHI\Memory</Filter>
    </ClInclude>
    <ClInclude Include="src\RHI\ImagePool.h">
      <Filter>Header Files\RHI\Memory</Filter>
    </ClInclude>
    <ClInclude Include="src\RHI\ImagePoolDescriptor.h">
      <Filter>Header Files\RHI\Memory</Filter>
    </ClInclude>
    <ClInclude Include="src\RHI\ImageEnums.h">
      <Filter>Header Files\RHI\Memory</Filter>
    </ClInclude>
    <ClInclude Include="src\RHI\ImageSubresource.h">
      <Filter>Header Files\RHI\Memory</Filter>
    </ClInclude>
    <ClInclude Include="src\DX_Interface\DX_ImageView.h">
      <Filter>Header Files\DX\Memory</Filter>
    </ClInclude>
    <ClInclude Include="src\DX_Interface\DX_Image.h">
      <Filter>Header Files\DX\Memory</Filter>
    </ClInclude>
    <ClInclude Include="src\DX_Interface\DX_UploadQueue.h">
      <Filter>Header Files\DX\Memory</Filter>
    </ClInclude>
    <ClInclude Include="src\RHI\ImageProperty.h">
      <Filter>Header Files\RHI\Memory</Filter>
    </ClInclude>
    <ClInclude Include="src\RHI\interval_map.h">
      <Filter>Header Files\RHI</Filter>
    </ClInclude>
    <ClInclude Include="src\DX_Interface\DX_ImagePool.h">
      <Filter>Header Files\DX\Memory</Filter>
    </ClInclude>
    <ClInclude Include="src\DX_Interface\DX_ImagePoolResolver.h">
      <Filter>Header Files\DX\Memory</Filter>
    </ClInclude>
    <ClInclude Include="src\Scene\MeshBuilder.h">
      <Filter>Header Files\Scene</Filter>
    </ClInclude>
    <ClInclude Include="src\Scene\Scene.h">
      <Filter>Header Files\Scene</Filter>
    </ClInclude>
    <ClInclude Include="src\Scene\Mesh.h">
      <Filter>Header Files\Scene</Filter>
    </ClInclude>
    <ClInclude Include="src\Scene\ModelNode.h">
      <Filter>Header Files\Scene</Filter>
    </ClInclude>
    <ClInclude Include="src\Scene\Model.h">
      <Filter>Header Files\Scene</Filter>
    </ClInclude>
    <ClInclude Include="src\Scene\Material.h">
      <Filter>Header Files\Scene</Filter>
    </ClInclude>
    <ClInclude Include="src\RHI\MathTypedefs.h">
      <Filter>Header Files\RHI</Filter>
    </ClInclude>
  </ItemGroup>
</Project>