<?xml version="1.0" encoding="utf-8"?>
<Project ToolsVersion="4.0" xmlns="http://schemas.microsoft.com/developer/msbuild/2003">
  <ItemGroup>
    <Filter Include="Source Files">
      <UniqueIdentifier>{4FC737F1-C7A5-4376-A066-2A32D752A2FF}</UniqueIdentifier>
      <Extensions>cpp;c;cc;cxx;c++;cppm;ixx;def;odl;idl;hpj;bat;asm;asmx</Extensions>
    </Filter>
    <Filter Include="Header Files">
      <UniqueIdentifier>{93995380-89BD-4b04-88EB-625FBE52EBFB}</UniqueIdentifier>
      <Extensions>h;hh;hpp;hxx;h++;hm;inl;inc;ipp;xsd</Extensions>
    </Filter>
    <Filter Include="Resource Files">
      <UniqueIdentifier>{67DA6AB6-F800-4c08-8B7A-83BB121AAD01}</UniqueIdentifier>
      <Extensions>rc;ico;cur;bmp;dlg;rc2;rct;bin;rgs;gif;jpg;jpeg;jpe;resx;tiff;tif;png;wav;mfcribbon-ms</Extensions>
    </Filter>
    <Filter Include="Header Files\DX">
      <UniqueIdentifier>{718e0809-0441-4c86-b659-8c0f59d8f6ef}</UniqueIdentifier>
    </Filter>
    <Filter Include="Source Files\DX">
      <UniqueIdentifier>{7bcec167-2a15-4c0e-b998-b73d81078734}</UniqueIdentifier>
    </Filter>
    <Filter Include="Header Files\VK">
      <UniqueIdentifier>{01d55248-4acd-4d5a-8bd7-fec09544d9e1}</UniqueIdentifier>
    </Filter>
    <Filter Include="Source Files\VK">
      <UniqueIdentifier>{22d27627-f780-4440-bef0-46dd32251369}</UniqueIdentifier>
    </Filter>
    <Filter Include="Header Files\RHI">
      <UniqueIdentifier>{4deb495f-97c7-4f4d-b806-8824123c5530}</UniqueIdentifier>
    </Filter>
    <Filter Include="Source Files\RHI">
      <UniqueIdentifier>{0d2db4c0-b51b-4f39-a281-08799b1ecc4c}</UniqueIdentifier>
    </Filter>
    <Filter Include="Shaders">
      <UniqueIdentifier>{949d0208-04a6-4fae-a068-0abecb249cbe}</UniqueIdentifier>
    </Filter>
  </ItemGroup>
  <ItemGroup>
    <ClCompile Include="src\Main.cpp">
      <Filter>Source Files</Filter>
    </ClCompile>
    <ClCompile Include="src\DX_Interface\DX_Device.cpp">
      <Filter>Source Files\DX</Filter>
    </ClCompile>
    <ClCompile Include="src\VK_Interface\VK_Device.cpp">
      <Filter>Source Files\VK</Filter>
    </ClCompile>
    <ClCompile Include="src\Window.cpp">
      <Filter>Source Files</Filter>
    </ClCompile>
    <ClCompile Include="src\App.cpp">
      <Filter>Source Files</Filter>
    </ClCompile>
    <ClCompile Include="src\DX_Interface\DX_Exception.cpp">
      <Filter>Source Files\DX</Filter>
    </ClCompile>
    <ClCompile Include="src\CGE_Exception.cpp">
      <Filter>Source Files</Filter>
    </ClCompile>
    <ClCompile Include="src\RHI\Device.cpp">
      <Filter>Source Files\RHI</Filter>
    </ClCompile>
    <ClCompile Include="src\RHI\PhysicalDevice.cpp">
      <Filter>Source Files\RHI</Filter>
    </ClCompile>
    <ClCompile Include="src\DX_Interface\DX_PhysicalDevice.cpp">
      <Filter>Source Files\DX</Filter>
    </ClCompile>
    <ClCompile Include="src\RHI\Graphics.cpp">
      <Filter>Source Files\RHI</Filter>
    </ClCompile>
    <ClCompile Include="src\DX_Interface\DX_Graphics.cpp">
      <Filter>Source Files\DX</Filter>
    </ClCompile>
    <ClCompile Include="src\DX_Interface\DX_Factory.cpp">
      <Filter>Source Files\DX</Filter>
    </ClCompile>
    <ClCompile Include="src\RHI\Object.cpp">
      <Filter>Source Files\RHI</Filter>
    </ClCompile>
    <ClCompile Include="src\RHI\DeviceObject.cpp">
      <Filter>Source Files\RHI</Filter>
    </ClCompile>
    <ClCompile Include="src\DX_Interface\DX_CommandQueue.cpp">
      <Filter>Source Files\DX</Filter>
    </ClCompile>
    <ClCompile Include="src\DX_Interface\DX_Conversions.cpp">
      <Filter>Source Files\DX</Filter>
    </ClCompile>
    <ClCompile Include="src\RHI\CommandQueue.cpp">
      <Filter>Source Files\RHI</Filter>
    </ClCompile>
    <ClCompile Include="src\DX_Interface\DX_CommonHeaders.cpp">
      <Filter>Source Files\DX</Filter>
    </ClCompile>
    <ClCompile Include="src\RHI\CommandList.cpp">
      <Filter>Source Files\RHI</Filter>
    </ClCompile>
    <ClCompile Include="src\DX_Interface\DX_CommandListBase.cpp">
      <Filter>Source Files\DX</Filter>
    </ClCompile>
    <ClCompile Include="src\DX_Interface\DX_CommandList.cpp">
      <Filter>Source Files\DX</Filter>
    </ClCompile>
    <ClCompile Include="src\RHI\Fence.cpp">
      <Filter>Source Files\RHI</Filter>
    </ClCompile>
    <ClCompile Include="src\DX_Interface\DX_Fence.cpp">
      <Filter>Source Files\DX</Filter>
    </ClCompile>
    <ClCompile Include="src\DX_Interface\DX_CommandListPool.cpp">
      <Filter>Source Files\DX</Filter>
    </ClCompile>
    <ClCompile Include="src\DX_Interface\DX_Descriptor.cpp">
      <Filter>Source Files\DX</Filter>
    </ClCompile>
    <ClCompile Include="src\DX_Interface\DX_DescriptorPool.cpp">
      <Filter>Source Files\DX</Filter>
    </ClCompile>
    <ClCompile Include="src\RHI\Allocator.cpp">
      <Filter>Source Files\RHI</Filter>
    </ClCompile>
    <ClCompile Include="src\RHI\FreeListAllocator.cpp">
      <Filter>Source Files\RHI</Filter>
    </ClCompile>
    <ClCompile Include="src\RHI\PoolAllocator.cpp">
      <Filter>Source Files\RHI</Filter>
    </ClCompile>
    <ClCompile Include="src\DX_Interface\DX_CommandQueueContext.cpp">
      <Filter>Source Files\DX</Filter>
    </ClCompile>
    <ClCompile Include="src\RHI\SwapChain.cpp">
      <Filter>Source Files\RHI</Filter>
    </ClCompile>
    <ClCompile Include="src\DX_Interface\DX_SwapChain.cpp">
      <Filter>Source Files\DX</Filter>
    </ClCompile>
    <ClCompile Include="src\DX_Interface\DX_DescriptorContext.cpp">
      <Filter>Source Files\DX</Filter>
    </ClCompile>
    <ClCompile Include="src\DX_Interface\DX_FrameGraphExecuter.cpp">
      <Filter>Source Files\DX</Filter>
    </ClCompile>
    <ClCompile Include="src\RHI\FrameGraphExecuter.cpp">
      <Filter>Source Files\RHI</Filter>
    </ClCompile>
    <ClCompile Include="src\RHI\ClearValue.cpp">
      <Filter>Source Files\RHI</Filter>
    </ClCompile>
    <ClCompile Include="src\DX_Interface\DX_MemoryView.cpp">
      <Filter>Source Files\DX</Filter>
    </ClCompile>
    <ClCompile Include="src\DX_Interface\DX_BufferMemoryView.cpp">
      <Filter>Source Files\DX</Filter>
    </ClCompile>
    <ClCompile Include="src\DX_Interface\DX_MemoryPageAllocator.cpp">
      <Filter>Source Files\DX</Filter>
    </ClCompile>
    <ClCompile Include="src\RHI\MemoryUsage.cpp">
      <Filter>Source Files\RHI</Filter>
    </ClCompile>
    <ClCompile Include="src\DX_Interface\DX_BufferMemoryAllocator.cpp">
      <Filter>Source Files\DX</Filter>
    </ClCompile>
    <ClCompile Include="src\RHI\Resource.cpp">
      <Filter>Source Files\RHI</Filter>
    </ClCompile>
    <ClCompile Include="src\RHI\TypeHash.cpp">
      <Filter>Source Files\RHI</Filter>
    </ClCompile>
    <ClCompile Include="src\RHI\ResourceView.cpp">
      <Filter>Source Files\RHI</Filter>
    </ClCompile>
  </ItemGroup>
  <ItemGroup>
    <ClInclude Include="src\DX_Interface\DX_Device.h">
      <Filter>Header Files\DX</Filter>
    </ClInclude>
    <ClInclude Include="src\DX_Interface\DX_Helper.h">
      <Filter>Header Files\DX</Filter>
    </ClInclude>
    <ClInclude Include="src\VK_Interface\VK_Device.h">
      <Filter>Header Files\VK</Filter>
    </ClInclude>
    <ClInclude Include="src\Window.h">
      <Filter>Header Files</Filter>
    </ClInclude>
    <ClInclude Include="src\App.h">
      <Filter>Header Files</Filter>
    </ClInclude>
    <ClInclude Include="src\DX_Interface\DX_CommonHeaders.h">
      <Filter>Header Files\DX</Filter>
    </ClInclude>
    <ClInclude Include="src\ConsoleLog.h">
      <Filter>Header Files</Filter>
    </ClInclude>
    <ClInclude Include="src\Backend_API_Headers.h">
      <Filter>Header Files</Filter>
    </ClInclude>
    <ClInclude Include="src\CommonMacros.h">
      <Filter>Header Files</Filter>
    </ClInclude>
    <ClInclude Include="src\DX_Interface\DX_Exception.h">
      <Filter>Header Files\DX</Filter>
    </ClInclude>
    <ClInclude Include="src\CGE_Exception.h">
      <Filter>Header Files</Filter>
    </ClInclude>
    <ClInclude Include="src\RHI\Device.h">
      <Filter>Header Files\RHI</Filter>
    </ClInclude>
    <ClInclude Include="src\RHI\DeviceFeatures.h">
      <Filter>Header Files\RHI</Filter>
    </ClInclude>
    <ClInclude Include="src\RHI\DeviceLimits.h">
      <Filter>Header Files\RHI</Filter>
    </ClInclude>
    <ClInclude Include="src\RHI\RHI_Common.h">
      <Filter>Header Files\RHI</Filter>
    </ClInclude>
    <ClInclude Include="src\RHI\PhysicalDevice.h">
      <Filter>Header Files\RHI</Filter>
    </ClInclude>
    <ClInclude Include="src\RHI\PhysicalDeviceDescriptor.h">
      <Filter>Header Files\RHI</Filter>
    </ClInclude>
    <ClInclude Include="src\DX_Interface\DX_PhysicalDevice.h">
      <Filter>Header Files\DX</Filter>
    </ClInclude>
    <ClInclude Include="src\RHI\Graphics.h">
      <Filter>Header Files\RHI</Filter>
    </ClInclude>
    <ClInclude Include="src\DX_Interface\DX_Graphics.h">
      <Filter>Header Files\DX</Filter>
    </ClInclude>
    <ClInclude Include="src\RHI\Factory.h">
      <Filter>Header Files\RHI</Filter>
    </ClInclude>
    <ClInclude Include="src\DX_Interface\DX_Factory.h">
      <Filter>Header Files\DX</Filter>
    </ClInclude>
    <ClInclude Include="src\RHI\Object.h">
      <Filter>Header Files\RHI</Filter>
    </ClInclude>
    <ClInclude Include="src\RHI\intrusive_ptr.h">
      <Filter>Header Files\RHI</Filter>
    </ClInclude>
    <ClInclude Include="src\RHI\CommandQueue.h">
      <Filter>Header Files\RHI</Filter>
    </ClInclude>
    <ClInclude Include="src\RHI\Limits.h">
      <Filter>Header Files\RHI</Filter>
    </ClInclude>
    <ClInclude Include="src\RHI\DeviceObject.h">
      <Filter>Header Files\RHI</Filter>
    </ClInclude>
    <ClInclude Include="src\DX_Interface\DX_CommandQueue.h">
      <Filter>Header Files\DX</Filter>
    </ClInclude>
    <ClInclude Include="src\DX_Interface\DX_Conversions.h">
      <Filter>Header Files\DX</Filter>
    </ClInclude>
    <ClInclude Include="src\RHI\CommandList.h">
      <Filter>Header Files\RHI</Filter>
    </ClInclude>
    <ClInclude Include="src\DX_Interface\DX_CommandListBase.h">
      <Filter>Header Files\DX</Filter>
    </ClInclude>
    <ClInclude Include="src\RHI\ObjectCollector.h">
      <Filter>Header Files\RHI</Filter>
    </ClInclude>
    <ClInclude Include="src\RHI\ObjectPool.h">
      <Filter>Header Files\RHI</Filter>
    </ClInclude>
    <ClInclude Include="src\DX_Interface\DX_CommandList.h">
      <Filter>Header Files\DX</Filter>
    </ClInclude>
    <ClInclude Include="src\RHI\Fence.h">
      <Filter>Header Files\RHI</Filter>
    </ClInclude>
    <ClInclude Include="src\DX_Interface\DX_Fence.h">
      <Filter>Header Files\DX</Filter>
    </ClInclude>
    <ClInclude Include="src\DX_Interface\DX_CommandListPool.h">
      <Filter>Header Files\DX</Filter>
    </ClInclude>
    <ClInclude Include="src\DX_Interface\DX_Descriptor.h">
      <Filter>Header Files\DX</Filter>
    </ClInclude>
    <ClInclude Include="src\DX_Interface\DX_DescriptorPool.h">
      <Filter>Header Files\DX</Filter>
    </ClInclude>
    <ClInclude Include="src\RHI\Allocator.h">
      <Filter>Header Files\RHI</Filter>
    </ClInclude>
    <ClInclude Include="src\RHI\FreeListAllocator.h">
      <Filter>Header Files\RHI</Filter>
    </ClInclude>
    <ClInclude Include="src\RHI\Handle.h">
      <Filter>Header Files\RHI</Filter>
    </ClInclude>
    <ClInclude Include="src\RHI\PoolAllocator.h">
      <Filter>Header Files\RHI</Filter>
    </ClInclude>
    <ClInclude Include="src\DX_Interface\DX_CommandQueueContext.h">
      <Filter>Header Files\DX</Filter>
    </ClInclude>
    <ClInclude Include="src\RHI\SwapChain.h">
      <Filter>Header Files\RHI</Filter>
    </ClInclude>
    <ClInclude Include="src\DX_Interface\DX_SwapChain.h">
      <Filter>Header Files\DX</Filter>
    </ClInclude>
    <ClInclude Include="src\RHI\SwapChainDescriptor.h">
      <Filter>Header Files\RHI</Filter>
    </ClInclude>
    <ClInclude Include="src\RHI\Format.h">
      <Filter>Header Files\RHI</Filter>
    </ClInclude>
    <ClInclude Include="src\DX_Interface\DX_DescriptorContext.h">
      <Filter>Header Files\DX</Filter>
    </ClInclude>
    <ClInclude Include="src\DX_Interface\DX_FrameGraphExecuter.h">
      <Filter>Header Files\DX</Filter>
    </ClInclude>
    <ClInclude Include="src\RHI\FrameGraphExecuter.h">
      <Filter>Header Files\RHI</Filter>
    </ClInclude>
    <ClInclude Include="src\RHI\ClearValue.h">
      <Filter>Header Files\RHI</Filter>
    </ClInclude>
    <ClInclude Include="src\DX_Interface\DX_MemoryView.h">
      <Filter>Header Files\DX</Filter>
    </ClInclude>
    <ClInclude Include="src\RHI\MemoryAllocation.h">
      <Filter>Header Files\RHI</Filter>
    </ClInclude>
    <ClInclude Include="src\RHI\MemoryEnums.h">
      <Filter>Header Files\RHI</Filter>
    </ClInclude>
    <ClInclude Include="src\RHI\BufferDescriptor.h">
      <Filter>Header Files\RHI</Filter>
    </ClInclude>
    <ClInclude Include="src\RHI\AttachmentEnums.h">
      <Filter>Header Files\RHI</Filter>
    </ClInclude>
    <ClInclude Include="src\DX_Interface\DX_BufferMemoryView.h">
      <Filter>Header Files\DX</Filter>
    </ClInclude>
    <ClInclude Include="src\DX_Interface\DX_MemoryPageAllocator.h">
      <Filter>Header Files\DX</Filter>
    </ClInclude>
    <ClInclude Include="src\RHI\MemoryUsage.h">
      <Filter>Header Files\RHI</Filter>
    </ClInclude>
    <ClInclude Include="src\RHI\MemorySubAllocator.h">
      <Filter>Header Files\RHI</Filter>
    </ClInclude>
    <ClInclude Include="src\DX_Interface\DX_BufferMemoryAllocator.h">
      <Filter>Header Files\DX</Filter>
    </ClInclude>
    <ClInclude Include="src\DX_Interface\DX_MemorySubAllocator.h">
      <Filter>Header Files\DX</Filter>
    </ClInclude>
    <ClInclude Include="src\DX_Interface\DX_ReleaseQueue.h">
      <Filter>Header Files\DX</Filter>
    </ClInclude>
    <ClInclude Include="src\RHI\Resource.h">
      <Filter>Header Files\RHI</Filter>
    </ClInclude>
    <ClInclude Include="src\RHI\TypeHash.h">
      <Filter>Header Files\RHI</Filter>
    </ClInclude>
    <ClInclude Include="src\RHI\ResourceView.h">
      <Filter>Header Files\RHI</Filter>
    </ClInclude>
  </ItemGroup>
</Project>